
Microsoft Visual Studio Solution File, Format Version 12.00
# Visual Studio Version 17
VisualStudioVersion = 17.6.33801.468
MinimumVisualStudioVersion = 10.0.40219.1
Project("{9A19103F-16F7-4668-BE54-9A1E7A4F7556}") = "CapaPresentacionAdmi", "CapaPresentacionAdmi\CapaPresentacionAdmi.csproj", "{DA8F2642-7D1E-44C8-882D-12BE659D6EEB}"
EndProject
Project("{FAE04EC0-301F-11D3-BF4B-00C04F79EFBC}") = "CapaPesentacionTienda", "CapaPesentacionTienda\CapaPesentacionTienda.csproj", "{691D1FC7-A42F-4EAC-9EB3-45948EC9178D}"
EndProject
Global
	GlobalSection(SolutionConfigurationPlatforms) = preSolution
		Debug|Any CPU = Debug|Any CPU
		Release|Any CPU = Release|Any CPU
	EndGlobalSection
	GlobalSection(ProjectConfigurationPlatforms) = postSolution
		{DA8F2642-7D1E-44C8-882D-12BE659D6EEB}.Debug|Any CPU.ActiveCfg = Debug|Any CPU
		{DA8F2642-7D1E-44C8-882D-12BE659D6EEB}.Debug|Any CPU.Build.0 = Debug|Any CPU
		{DA8F2642-7D1E-44C8-882D-12BE659D6EEB}.Release|Any CPU.ActiveCfg = Release|Any CPU
		{DA8F2642-7D1E-44C8-882D-12BE659D6EEB}.Release|Any CPU.Build.0 = Release|Any CPU
		{691D1FC7-A42F-4EAC-9EB3-45948EC9178D}.Debug|Any CPU.ActiveCfg = Debug|Any CPU
		{691D1FC7-A42F-4EAC-9EB3-45948EC9178D}.Debug|Any CPU.Build.0 = Debug|Any CPU
		{691D1FC7-A42F-4EAC-9EB3-45948EC9178D}.Release|Any CPU.ActiveCfg = Release|Any CPU
		{691D1FC7-A42F-4EAC-9EB3-45948EC9178D}.Release|Any CPU.Build.0 = Release|Any CPU
	EndGlobalSection
	GlobalSection(SolutionProperties) = preSolution
		HideSolutionNode = FALSE
	EndGlobalSection
	GlobalSection(ExtensibilityGlobals) = postSolution
		SolutionGuid = {03F98310-7CBA-4336-B7DB-0C8BEEAE554D}
	EndGlobalSection
EndGlobal
